// !$*UTF8*$!
{
	archiveVersion = 1;
	classes = {
	};
	objectVersion = 55;
	objects = {

/* Begin PBXBuildFile section */
		3AC268102833BC0B0077D94D /* ProspectsView.swift in Sources */ = {isa = PBXBuildFile; fileRef = 3AC2680F2833BC0B0077D94D /* ProspectsView.swift */; };
		3AC268122833BC430077D94D /* MeView.swift in Sources */ = {isa = PBXBuildFile; fileRef = 3AC268112833BC430077D94D /* MeView.swift */; };
		3AC268142833C1780077D94D /* Prospect.swift in Sources */ = {isa = PBXBuildFile; fileRef = 3AC268132833C1780077D94D /* Prospect.swift */; };
		3AC268172833D2590077D94D /* CodeScanner in Frameworks */ = {isa = PBXBuildFile; productRef = 3AC268162833D2590077D94D /* CodeScanner */; };
		3AC268192833E2EB0077D94D /* ImageSaver.swift in Sources */ = {isa = PBXBuildFile; fileRef = 3AC268182833E2EB0077D94D /* ImageSaver.swift */; };
		3ACC98CD2834DF3B00697026 /* DocDirectory.swift in Sources */ = {isa = PBXBuildFile; fileRef = 3ACC98CC2834DF3B00697026 /* DocDirectory.swift */; };
		3AE49A1C2832952C008DDF86 /* HotProspectsApp.swift in Sources */ = {isa = PBXBuildFile; fileRef = 3AE49A1B2832952C008DDF86 /* HotProspectsApp.swift */; };
		3AE49A1E2832952C008DDF86 /* ContentView.swift in Sources */ = {isa = PBXBuildFile; fileRef = 3AE49A1D2832952C008DDF86 /* ContentView.swift */; };
		3AE49A202832952D008DDF86 /* Assets.xcassets in Resources */ = {isa = PBXBuildFile; fileRef = 3AE49A1F2832952D008DDF86 /* Assets.xcassets */; };
		3AE49A232832952D008DDF86 /* Preview Assets.xcassets in Resources */ = {isa = PBXBuildFile; fileRef = 3AE49A222832952D008DDF86 /* Preview Assets.xcassets */; };
/* End PBXBuildFile section */

/* Begin PBXFileReference section */
		3AC2680F2833BC0B0077D94D /* ProspectsView.swift */ = {isa = PBXFileReference; lastKnownFileType = sourcecode.swift; path = ProspectsView.swift; sourceTree = "<group>"; };
		3AC268112833BC430077D94D /* MeView.swift */ = {isa = PBXFileReference; lastKnownFileType = sourcecode.swift; path = MeView.swift; sourceTree = "<group>"; };
		3AC268132833C1780077D94D /* Prospect.swift */ = {isa = PBXFileReference; lastKnownFileType = sourcecode.swift; path = Prospect.swift; sourceTree = "<group>"; };
		3AC268182833E2EB0077D94D /* ImageSaver.swift */ = {isa = PBXFileReference; lastKnownFileType = sourcecode.swift; path = ImageSaver.swift; sourceTree = "<group>"; };
		3ACC98CC2834DF3B00697026 /* DocDirectory.swift */ = {isa = PBXFileReference; lastKnownFileType = sourcecode.swift; path = DocDirectory.swift; sourceTree = "<group>"; };
		3AE49A182832952C008DDF86 /* HotProspects.app */ = {isa = PBXFileReference; explicitFileType = wrapper.application; includeInIndex = 0; path = HotProspects.app; sourceTree = BUILT_PRODUCTS_DIR; };
		3AE49A1B2832952C008DDF86 /* HotProspectsApp.swift */ = {isa = PBXFileReference; lastKnownFileType = sourcecode.swift; path = HotProspectsApp.swift; sourceTree = "<group>"; };
		3AE49A1D2832952C008DDF86 /* ContentView.swift */ = {isa = PBXFileReference; lastKnownFileType = sourcecode.swift; path = ContentView.swift; sourceTree = "<group>"; };
		3AE49A1F2832952D008DDF86 /* Assets.xcassets */ = {isa = PBXFileReference; lastKnownFileType = folder.assetcatalog; path = Assets.xcassets; sourceTree = "<group>"; };
		3AE49A222832952D008DDF86 /* Preview Assets.xcassets */ = {isa = PBXFileReference; lastKnownFileType = folder.assetcatalog; path = "Preview Assets.xcassets"; sourceTree = "<group>"; };
/* End PBXFileReference section */

/* Begin PBXFrameworksBuildPhase section */
		3AE49A152832952C008DDF86 /* Frameworks */ = {
			isa = PBXFrameworksBuildPhase;
			buildActionMask = 2147483647;
			files = (
				3AC268172833D2590077D94D /* CodeScanner in Frameworks */,
			);
			runOnlyForDeploymentPostprocessing = 0;
		};
/* End PBXFrameworksBuildPhase section */

/* Begin PBXGroup section */
		3ACC98CE2834E33D00697026 /* Views */ = {
			isa = PBXGroup;
			children = (
				3AE49A1D2832952C008DDF86 /* ContentView.swift */,
				3AC2680F2833BC0B0077D94D /* ProspectsView.swift */,
				3AC268112833BC430077D94D /* MeView.swift */,
			);
			path = Views;
			sourceTree = "<group>";
		};
		3ACC98CF2834E34D00697026 /* Model */ = {
			isa = PBXGroup;
			children = (
				3AC268132833C1780077D94D /* Prospect.swift */,
			);
			path = Model;
			sourceTree = "<group>";
		};
		3ACC98D02834E35A00697026 /* Helpers */ = {
			isa = PBXGroup;
			children = (
				3AC268182833E2EB0077D94D /* ImageSaver.swift */,
				3ACC98CC2834DF3B00697026 /* DocDirectory.swift */,
			);
			path = Helpers;
			sourceTree = "<group>";
		};
		3AE49A0F2832952C008DDF86 = {
			isa = PBXGroup;
			children = (
				3AE49A1A2832952C008DDF86 /* HotProspects */,
				3AE49A192832952C008DDF86 /* Products */,
			);
			sourceTree = "<group>";
		};
		3AE49A192832952C008DDF86 /* Products */ = {
			isa = PBXGroup;
			children = (
				3AE49A182832952C008DDF86 /* HotProspects.app */,
			);
			name = Products;
			sourceTree = "<group>";
		};
		3AE49A1A2832952C008DDF86 /* HotProspects */ = {
			isa = PBXGroup;
			children = (
				3AE49A1B2832952C008DDF86 /* HotProspectsApp.swift */,
				3ACC98CE2834E33D00697026 /* Views */,
				3ACC98CF2834E34D00697026 /* Model */,
				3ACC98D02834E35A00697026 /* Helpers */,
				3AE49A1F2832952D008DDF86 /* Assets.xcassets */,
				3AE49A212832952D008DDF86 /* Preview Content */,
			);
			path = HotProspects;
			sourceTree = "<group>";
		};
		3AE49A212832952D008DDF86 /* Preview Content */ = {
			isa = PBXGroup;
			children = (
				3AE49A222832952D008DDF86 /* Preview Assets.xcassets */,
			);
			path = "Preview Content";
			sourceTree = "<group>";
		};
/* End PBXGroup section */

/* Begin PBXNativeTarget section */
		3AE49A172832952C008DDF86 /* HotProspects */ = {
			isa = PBXNativeTarget;
			buildConfigurationList = 3AE49A262832952D008DDF86 /* Build configuration list for PBXNativeTarget "HotProspects" */;
			buildPhases = (
				3AE49A142832952C008DDF86 /* Sources */,
				3AE49A152832952C008DDF86 /* Frameworks */,
				3AE49A162832952C008DDF86 /* Resources */,
			);
			buildRules = (
			);
			dependencies = (
			);
			name = HotProspects;
			packageProductDependencies = (
				3AC268162833D2590077D94D /* CodeScanner */,
			);
			productName = HotProspects;
			productReference = 3AE49A182832952C008DDF86 /* HotProspects.app */;
			productType = "com.apple.product-type.application";
		};
/* End PBXNativeTarget section */

/* Begin PBXProject section */
		3AE49A102832952C008DDF86 /* Project object */ = {
			isa = PBXProject;
			attributes = {
				BuildIndependentTargetsInParallel = 1;
				LastSwiftUpdateCheck = 1330;
				LastUpgradeCheck = 1330;
				TargetAttributes = {
					3AE49A172832952C008DDF86 = {
						CreatedOnToolsVersion = 13.3.1;
					};
				};
			};
			buildConfigurationList = 3AE49A132832952C008DDF86 /* Build configuration list for PBXProject "HotProspects" */;
			compatibilityVersion = "Xcode 13.0";
			developmentRegion = en;
			hasScannedForEncodings = 0;
			knownRegions = (
				en,
				Base,
			);
			mainGroup = 3AE49A0F2832952C008DDF86;
			packageReferences = (
				3AC268152833D2590077D94D /* XCRemoteSwiftPackageReference "CodeScanner" */,
			);
			productRefGroup = 3AE49A192832952C008DDF86 /* Products */;
			projectDirPath = "";
			projectRoot = "";
			targets = (
				3AE49A172832952C008DDF86 /* HotProspects */,
			);
		};
/* End PBXProject section */

/* Begin PBXResourcesBuildPhase section */
		3AE49A162832952C008DDF86 /* Resources */ = {
			isa = PBXResourcesBuildPhase;
			buildActionMask = 2147483647;
			files = (
				3AE49A232832952D008DDF86 /* Preview Assets.xcassets in Resources */,
				3AE49A202832952D008DDF86 /* Assets.xcassets in Resources */,
			);
			runOnlyForDeploymentPostprocessing = 0;
		};
/* End PBXResourcesBuildPhase section */

/* Begin PBXSourcesBuildPhase section */
		3AE49A142832952C008DDF86 /* Sources */ = {
			isa = PBXSourcesBuildPhase;
			buildActionMask = 2147483647;
			files = (
				3AC268122833BC430077D94D /* MeView.swift in Sources */,
				3AC268192833E2EB0077D94D /* ImageSaver.swift in Sources */,
				3AC268142833C1780077D94D /* Prospect.swift in Sources */,
				3AC268102833BC0B0077D94D /* ProspectsView.swift in Sources */,
				3AE49A1E2832952C008DDF86 /* ContentView.swift in Sources */,
				3AE49A1C2832952C008DDF86 /* HotProspectsApp.swift in Sources */,
				3ACC98CD2834DF3B00697026 /* DocDirectory.swift in Sources */,
			);
			runOnlyForDeploymentPostprocessing = 0;
		};
/* End PBXSourcesBuildPhase section */

/* Begin XCBuildConfiguration section */
		3AE49A242832952D008DDF86 /* Debug */ = {
			isa = XCBuildConfiguration;
			buildSettings = {
				ALWAYS_SEARCH_USER_PATHS = NO;
				CLANG_ANALYZER_NONNULL = YES;
				CLANG_ANALYZER_NUMBER_OBJECT_CONVERSION = YES_AGGRESSIVE;
				CLANG_CXX_LANGUAGE_STANDARD = "gnu++17";
				CLANG_ENABLE_MODULES = YES;
				CLANG_ENABLE_OBJC_ARC = YES;
				CLANG_ENABLE_OBJC_WEAK = YES;
				CLANG_WARN_BLOCK_CAPTURE_AUTORELEASING = YES;
				CLANG_WARN_BOOL_CONVERSION = YES;
				CLANG_WARN_COMMA = YES;
				CLANG_WARN_CONSTANT_CONVERSION = YES;
				CLANG_WARN_DEPRECATED_OBJC_IMPLEMENTATIONS = YES;
				CLANG_WARN_DIRECT_OBJC_ISA_USAGE = YES_ERROR;
				CLANG_WARN_DOCUMENTATION_COMMENTS = YES;
				CLANG_WARN_EMPTY_BODY = YES;
				CLANG_WARN_ENUM_CONVERSION = YES;
				CLANG_WARN_INFINITE_RECURSION = YES;
				CLANG_WARN_INT_CONVERSION = YES;
				CLANG_WARN_NON_LITERAL_NULL_CONVERSION = YES;
				CLANG_WARN_OBJC_IMPLICIT_RETAIN_SELF = YES;
				CLANG_WARN_OBJC_LITERAL_CONVERSION = YES;
				CLANG_WARN_OBJC_ROOT_CLASS = YES_ERROR;
				CLANG_WARN_QUOTED_INCLUDE_IN_FRAMEWORK_HEADER = YES;
				CLANG_WARN_RANGE_LOOP_ANALYSIS = YES;
				CLANG_WARN_STRICT_PROTOTYPES = YES;
				CLANG_WARN_SUSPICIOUS_MOVE = YES;
				CLANG_WARN_UNGUARDED_AVAILABILITY = YES_AGGRESSIVE;
				CLANG_WARN_UNREACHABLE_CODE = YES;
				CLANG_WARN__DUPLICATE_METHOD_MATCH = YES;
				COPY_PHASE_STRIP = NO;
				DEBUG_INFORMATION_FORMAT = dwarf;
				ENABLE_STRICT_OBJC_MSGSEND = YES;
				ENABLE_TESTABILITY = YES;
				GCC_C_LANGUAGE_STANDARD = gnu11;
				GCC_DYNAMIC_NO_PIC = NO;
				GCC_NO_COMMON_BLOCKS = YES;
				GCC_OPTIMIZATION_LEVEL = 0;
				GCC_PREPROCESSOR_DEFINITIONS = (
					"DEBUG=1",
					"$(inherited)",
				);
				GCC_WARN_64_TO_32_BIT_CONVERSION = YES;
				GCC_WARN_ABOUT_RETURN_TYPE = YES_ERROR;
				GCC_WARN_UNDECLARED_SELECTOR = YES;
				GCC_WARN_UNINITIALIZED_AUTOS = YES_AGGRESSIVE;
				GCC_WARN_UNUSED_FUNCTION = YES;
				GCC_WARN_UNUSED_VARIABLE = YES;
				IPHONEOS_DEPLOYMENT_TARGET = 15.4;
				MTL_ENABLE_DEBUG_INFO = INCLUDE_SOURCE;
				MTL_FAST_MATH = YES;
				ONLY_ACTIVE_ARCH = YES;
				SDKROOT = iphoneos;
				SWIFT_ACTIVE_COMPILATION_CONDITIONS = DEBUG;
				SWIFT_OPTIMIZATION_LEVEL = "-Onone";
			};
			name = Debug;
		};
		3AE49A252832952D008DDF86 /* Release */ = {
			isa = XCBuildConfiguration;
			buildSettings = {
				ALWAYS_SEARCH_USER_PATHS = NO;
				CLANG_ANALYZER_NONNULL = YES;
				CLANG_ANALYZER_NUMBER_OBJECT_CONVERSION = YES_AGGRESSIVE;
				CLANG_CXX_LANGUAGE_STANDARD = "gnu++17";
				CLANG_ENABLE_MODULES = YES;
				CLANG_ENABLE_OBJC_ARC = YES;
				CLANG_ENABLE_OBJC_WEAK = YES;
				CLANG_WARN_BLOCK_CAPTURE_AUTORELEASING = YES;
				CLANG_WARN_BOOL_CONVERSION = YES;
				CLANG_WARN_COMMA = YES;
				CLANG_WARN_CONSTANT_CONVERSION = YES;
				CLANG_WARN_DEPRECATED_OBJC_IMPLEMENTATIONS = YES;
				CLANG_WARN_DIRECT_OBJC_ISA_USAGE = YES_ERROR;
				CLANG_WARN_DOCUMENTATION_COMMENTS = YES;
				CLANG_WARN_EMPTY_BODY = YES;
				CLANG_WARN_ENUM_CONVERSION = YES;
				CLANG_WARN_INFINITE_RECURSION = YES;
				CLANG_WARN_INT_CONVERSION = YES;
				CLANG_WARN_NON_LITERAL_NULL_CONVERSION = YES;
				CLANG_WARN_OBJC_IMPLICIT_RETAIN_SELF = YES;
				CLANG_WARN_OBJC_LITERAL_CONVERSION = YES;
				CLANG_WARN_OBJC_ROOT_CLASS = YES_ERROR;
				CLANG_WARN_QUOTED_INCLUDE_IN_FRAMEWORK_HEADER = YES;
				CLANG_WARN_RANGE_LOOP_ANALYSIS = YES;
				CLANG_WARN_STRICT_PROTOTYPES = YES;
				CLANG_WARN_SUSPICIOUS_MOVE = YES;
				CLANG_WARN_UNGUARDED_AVAILABILITY = YES_AGGRESSIVE;
				CLANG_WARN_UNREACHABLE_CODE = YES;
				CLANG_WARN__DUPLICATE_METHOD_MATCH = YES;
				COPY_PHASE_STRIP = NO;
				DEBUG_INFORMATION_FORMAT = "dwarf-with-dsym";
				ENABLE_NS_ASSERTIONS = NO;
				ENABLE_STRICT_OBJC_MSGSEND = YES;
				GCC_C_LANGUAGE_STANDARD = gnu11;
				GCC_NO_COMMON_BLOCKS = YES;
				GCC_WARN_64_TO_32_BIT_CONVERSION = YES;
				GCC_WARN_ABOUT_RETURN_TYPE = YES_ERROR;
				GCC_WARN_UNDECLARED_SELECTOR = YES;
				GCC_WARN_UNINITIALIZED_AUTOS = YES_AGGRESSIVE;
				GCC_WARN_UNUSED_FUNCTION = YES;
				GCC_WARN_UNUSED_VARIABLE = YES;
				IPHONEOS_DEPLOYMENT_TARGET = 15.4;
				MTL_ENABLE_DEBUG_INFO = NO;
				MTL_FAST_MATH = YES;
				SDKROOT = iphoneos;
				SWIFT_COMPILATION_MODE = wholemodule;
				SWIFT_OPTIMIZATION_LEVEL = "-O";
				VALIDATE_PRODUCT = YES;
			};
			name = Release;
		};
		3AE49A272832952D008DDF86 /* Debug */ = {
			isa = XCBuildConfiguration;
			buildSettings = {
				ASSETCATALOG_COMPILER_APPICON_NAME = AppIcon;
				ASSETCATALOG_COMPILER_GLOBAL_ACCENT_COLOR_NAME = AccentColor;
				CODE_SIGN_STYLE = Automatic;
				CURRENT_PROJECT_VERSION = 1;
				DEVELOPMENT_ASSET_PATHS = "\"HotProspects/Preview Content\"";
				DEVELOPMENT_TEAM = 8GR4L8J4R6;
				ENABLE_PREVIEWS = YES;
				GENERATE_INFOPLIST_FILE = YES;
				INFOPLIST_KEY_NSCameraUsageDescription = "We need to scan QR codes.";
				INFOPLIST_KEY_NSPhotoLibraryAddUsageDescription = "We want to save your QR code";
				INFOPLIST_KEY_UIApplicationSceneManifest_Generation = YES;
				INFOPLIST_KEY_UIApplicationSupportsIndirectInputEvents = YES;
				INFOPLIST_KEY_UILaunchScreen_Generation = YES;
				INFOPLIST_KEY_UISupportedInterfaceOrientations_iPad = "UIInterfaceOrientationPortrait UIInterfaceOrientationPortraitUpsideDown UIInterfaceOrientationLandscapeLeft UIInterfaceOrientationLandscapeRight";
				INFOPLIST_KEY_UISupportedInterfaceOrientations_iPhone = "UIInterfaceOrientationPortrait UIInterfaceOrientationLandscapeLeft UIInterfaceOrientationLandscapeRight";
				LD_RUNPATH_SEARCH_PATHS = (
					"$(inherited)",
					"@executable_path/Frameworks",
				);
				MARKETING_VERSION = 1.0;
				PRODUCT_BUNDLE_IDENTIFIER = com.alexfilippov.HotProspects;
				PRODUCT_NAME = "$(TARGET_NAME)";
				SWIFT_EMIT_LOC_STRINGS = YES;
				SWIFT_VERSION = 5.0;
				TARGETED_DEVICE_FAMILY = "1,2";
			};
			name = Debug;
		};
		3AE49A282832952D008DDF86 /* Release */ = {
			isa = XCBuildConfiguration;
			buildSettings = {
				ASSETCATALOG_COMPILER_APPICON_NAME = AppIcon;
				ASSETCATALOG_COMPILER_GLOBAL_ACCENT_COLOR_NAME = AccentColor;
				CODE_SIGN_STYLE = Automatic;
				CURRENT_PROJECT_VERSION = 1;
				DEVELOPMENT_ASSET_PATHS = "\"HotProspects/Preview Content\"";
				DEVELOPMENT_TEAM = 8GR4L8J4R6;
				ENABLE_PREVIEWS = YES;
				GENERATE_INFOPLIST_FILE = YES;
				INFOPLIST_KEY_NSCameraUsageDescription = "We need to scan QR codes.";
				INFOPLIST_KEY_NSPhotoLibraryAddUsageDescription = "We want to save your QR code";
				INFOPLIST_KEY_UIApplicationSceneManifest_Generation = YES;
				INFOPLIST_KEY_UIApplicationSupportsIndirectInputEvents = YES;
				INFOPLIST_KEY_UILaunchScreen_Generation = YES;
				INFOPLIST_KEY_UISupportedInterfaceOrientations_iPad = "UIInterfaceOrientationPortrait UIInterfaceOrientationPortraitUpsideDown UIInterfaceOrientationLandscapeLeft UIInterfaceOrientationLandscapeRight";
				INFOPLIST_KEY_UISupportedInterfaceOrientations_iPhone = "UIInterfaceOrientationPortrait UIInterfaceOrientationLandscapeLeft UIInterfaceOrientationLandscapeRight";
				LD_RUNPATH_SEARCH_PATHS = (
					"$(inherited)",
					"@executable_path/Frameworks",
				);
				MARKETING_VERSION = 1.0;
				PRODUCT_BUNDLE_IDENTIFIER = com.alexfilippov.HotProspects;
				PRODUCT_NAME = "$(TARGET_NAME)";
				SWIFT_EMIT_LOC_STRINGS = YES;
				SWIFT_VERSION = 5.0;
				TARGETED_DEVICE_FAMILY = "1,2";
			};
			name = Release;
		};
/* End XCBuildConfiguration section */

/* Begin XCConfigurationList section */
		3AE49A132832952C008DDF86 /* Build configuration list for PBXProject "HotProspects" */ = {
			isa = XCConfigurationList;
			buildConfigurations = (
				3AE49A242832952D008DDF86 /* Debug */,
				3AE49A252832952D008DDF86 /* Release */,
			);
			defaultConfigurationIsVisible = 0;
			defaultConfigurationName = Release;
		};
		3AE49A262832952D008DDF86 /* Build configuration list for PBXNativeTarget "HotProspects" */ = {
			isa = XCConfigurationList;
			buildConfigurations = (
				3AE49A272832952D008DDF86 /* Debug */,
				3AE49A282832952D008DDF86 /* Release */,
			);
			defaultConfigurationIsVisible = 0;
			defaultConfigurationName = Release;
		};
/* End XCConfigurationList section */

/* Begin XCRemoteSwiftPackageReference section */
		3AC268152833D2590077D94D /* XCRemoteSwiftPackageReference "CodeScanner" */ = {
			isa = XCRemoteSwiftPackageReference;
			repositoryURL = "https://github.com/twostraws/CodeScanner";
			requirement = {
				kind = upToNextMajorVersion;
				minimumVersion = 2.0.0;
			};
		};
/* End XCRemoteSwiftPackageReference section */

/* Begin XCSwiftPackageProductDependency section */
		3AC268162833D2590077D94D /* CodeScanner */ = {
			isa = XCSwiftPackageProductDependency;
			package = 3AC268152833D2590077D94D /* XCRemoteSwiftPackageReference "CodeScanner" */;
			productName = CodeScanner;
		};
/* End XCSwiftPackageProductDependency section */
	};
	rootObject = 3AE49A102832952C008DDF86 /* Project object */;
}
